
Microsoft Visual Studio Solution File, Format Version 12.00
# Visual Studio Version 17
VisualStudioVersion = 17.14.36623.8 d17.14
MinimumVisualStudioVersion = 10.0.40219.1
Project("{FAE04EC0-301F-11D3-BF4B-00C04F79EFBC}") = "WindowsFormsApp4", "WindowsFormsApp4\WindowsFormsApp4.csproj", "{F8599E4A-FDD2-4592-B8AE-8E2544E92F11}"
EndProject
Global
	GlobalSection(SolutionConfigurationPlatforms) = preSolution
		Debug|Any CPU = Debug|Any CPU
		Release|Any CPU = Release|Any CPU
	EndGlobalSection
	GlobalSection(ProjectConfigurationPlatforms) = postSolution
		{F8599E4A-FDD2-4592-B8AE-8E2544E92F11}.Debug|Any CPU.ActiveCfg = Debug|Any CPU
		{F8599E4A-FDD2-4592-B8AE-8E2544E92F11}.Debug|Any CPU.Build.0 = Debug|Any CPU
		{F8599E4A-FDD2-4592-B8AE-8E2544E92F11}.Release|Any CPU.ActiveCfg = Release|Any CPU
		{F8599E4A-FDD2-4592-B8AE-8E2544E92F11}.Release|Any CPU.Build.0 = Release|Any CPU
	EndGlobalSection
	GlobalSection(SolutionProperties) = preSolution
		HideSolutionNode = FALSE
	EndGlobalSection
	GlobalSection(ExtensibilityGlobals) = postSolution
		SolutionGuid = {5A4096E1-B413-4314-A426-7C6370FB2751}
	EndGlobalSection
EndGlobal
